
Microsoft Visual Studio Solution File, Format Version 12.00
# Visual Studio Version 16
VisualStudioVersion = 16.0.30907.101
MinimumVisualStudioVersion = 10.0.40219.1
Project("{9A19103F-16F7-4668-BE54-9A1E7A4F7556}") = "SooftTechnologyChallenge", "SooftTechnologyChallenge\SooftTechnologyChallenge.csproj", "{C60249FC-814F-4C3C-BCE8-8B050B628CFE}"
EndProject
Global
	GlobalSection(SolutionConfigurationPlatforms) = preSolution
		Debug|Any CPU = Debug|Any CPU
		Release|Any CPU = Release|Any CPU
	EndGlobalSection
	GlobalSection(ProjectConfigurationPlatforms) = postSolution
		{C60249FC-814F-4C3C-BCE8-8B050B628CFE}.Debug|Any CPU.ActiveCfg = Debug|Any CPU
		{C60249FC-814F-4C3C-BCE8-8B050B628CFE}.Debug|Any CPU.Build.0 = Debug|Any CPU
		{C60249FC-814F-4C3C-BCE8-8B050B628CFE}.Release|Any CPU.ActiveCfg = Release|Any CPU
		{C60249FC-814F-4C3C-BCE8-8B050B628CFE}.Release|Any CPU.Build.0 = Release|Any CPU
	EndGlobalSection
	GlobalSection(SolutionProperties) = preSolution
		HideSolutionNode = FALSE
	EndGlobalSection
	GlobalSection(ExtensibilityGlobals) = postSolution
		SolutionGuid = {922ED06B-06BF-45A8-A24C-E6D8C582E491}
	EndGlobalSection
EndGlobal
